
Microsoft Visual Studio Solution File, Format Version 12.00
#
Project("{2150E333-8FDC-42A3-9474-1A3956D46DE8}") = "AiPipeline.TireOcr.Preprocessing", "AiPipeline.TireOcr.Preprocessing", "{EBDF096A-73D6-4FD1-B646-BF021E2CF320}"
EndProject
Project("{FAE04EC0-301F-11D3-BF4B-00C04F79EFBC}") = "AiPipeline.TireOcr.Preprocessing.WebApi", "src\AiPipeline.TireOcr\AiPipeline.TireOcr.Preprocessing\AiPipeline.TireOcr.Preprocessing.WebApi\AiPipeline.TireOcr.Preprocessing.WebApi.csproj", "{525474C0-9249-4040-9784-F9673CBAD457}"
EndProject
Project("{FAE04EC0-301F-11D3-BF4B-00C04F79EFBC}") = "AiPipeline.TireOcr.Preprocessing.Domain", "src\AiPipeline.TireOcr\AiPipeline.TireOcr.Preprocessing\AiPipeline.TireOcr.Preprocessing.Domain\AiPipeline.TireOcr.Preprocessing.Domain.csproj", "{EE598F0D-2716-4621-86A1-847F855E3A0C}"
EndProject
Project("{FAE04EC0-301F-11D3-BF4B-00C04F79EFBC}") = "AiPipeline.TireOcr.Preprocessing.Application", "src\AiPipeline.TireOcr\AiPipeline.TireOcr.Preprocessing\AiPipeline.TireOcr.Preprocessing.Application\AiPipeline.TireOcr.Preprocessing.Application.csproj", "{E193D60E-A067-4A26-A90F-75E79ACB478D}"
EndProject
Project("{FAE04EC0-301F-11D3-BF4B-00C04F79EFBC}") = "AiPipeline.TireOcr.Preprocessing.Infrastructure", "src\AiPipeline.TireOcr\AiPipeline.TireOcr.Preprocessing\AiPipeline.TireOcr.Preprocessing.Infrastructure\AiPipeline.TireOcr.Preprocessing.Infrastructure.csproj", "{3B45F63F-C54D-45E8-8353-B21D7AD0D178}"
EndProject
Project("{FAE04EC0-301F-11D3-BF4B-00C04F79EFBC}") = "AiPipeline.AppHost", "src\AiPipeline.AppHost\AiPipeline.AppHost.csproj", "{6EF721EF-B6EB-44E2-B813-FCE1F342C9FF}"
EndProject
Project("{FAE04EC0-301F-11D3-BF4B-00C04F79EFBC}") = "AiPipeline.ServiceDefaults", "src\AiPipeline.ServiceDefaults\AiPipeline.ServiceDefaults.csproj", "{9287AC9D-EA8D-4DBB-BD6A-FB07175D7E49}"
EndProject
Project("{FAE04EC0-301F-11D3-BF4B-00C04F79EFBC}") = "AiPipeline.Shared", "src\AiPipeline.Shared\AiPipeline.Shared.csproj", "{3D24C002-96DC-414B-93D3-0C6436791E4D}"
EndProject
Project("{2150E333-8FDC-42A3-9474-1A3956D46DE8}") = "AiPipeline.TireOcr.Ocr", "AiPipeline.TireOcr.Ocr", "{EEBDFA78-8026-44BA-9866-F2583A3FAA23}"
EndProject
Project("{FAE04EC0-301F-11D3-BF4B-00C04F79EFBC}") = "AiPipeline.TireOcr.Ocr.Domain", "src\AiPipeline.TireOcr\AiPipeline.TireOcr.Ocr\AiPipeline.TireOcr.Ocr.Domain\AiPipeline.TireOcr.Ocr.Domain.csproj", "{0A3113DD-5698-4EA1-8663-DEE38C53BA01}"
EndProject
Project("{FAE04EC0-301F-11D3-BF4B-00C04F79EFBC}") = "AiPipeline.TireOcr.Ocr.Application", "src\AiPipeline.TireOcr\AiPipeline.TireOcr.Ocr\AiPipeline.TireOcr.Ocr.Application\AiPipeline.TireOcr.Ocr.Application.csproj", "{F81B0E8C-3F51-49A1-ADB3-D845C20B22CE}"
EndProject
Project("{FAE04EC0-301F-11D3-BF4B-00C04F79EFBC}") = "AiPipeline.TireOcr.Ocr.Infrastructure", "src\AiPipeline.TireOcr\AiPipeline.TireOcr.Ocr\AiPipeline.TireOcr.Ocr.Infrastructure\AiPipeline.TireOcr.Ocr.Infrastructure.csproj", "{957CDABD-2358-4A7F-8567-B23D257634E8}"
EndProject
Project("{FAE04EC0-301F-11D3-BF4B-00C04F79EFBC}") = "AiPipeline.TireOcr.Ocr.WebApi", "src\AiPipeline.TireOcr\AiPipeline.TireOcr.Ocr\AiPipeline.TireOcr.Ocr.WebApi\AiPipeline.TireOcr.Ocr.WebApi.csproj", "{1536CDD1-1C2C-432A-940A-4A0D98CB935B}"
EndProject
Project("{FAE04EC0-301F-11D3-BF4B-00C04F79EFBC}") = "AiPipeline.TireOcr.RunnerPrototype", "src\AiPipeline.TireOcr\AiPipeline.TireOcr.RunnerPrototype\AiPipeline.TireOcr.RunnerPrototype.csproj", "{52E9E848-69C2-49D3-9438-F648B1C2DDD7}"
EndProject
Project("{2150E333-8FDC-42A3-9474-1A3956D46DE8}") = "AiPipeline.TireOcr.Postprocessing", "AiPipeline.TireOcr.Postprocessing", "{FB0120EF-A0B1-40E5-9BD5-CDD408EF37DD}"
EndProject
Project("{FAE04EC0-301F-11D3-BF4B-00C04F79EFBC}") = "AiPipeline.TireOcr.Postprocessing.Domain", "src\AiPipeline.TireOcr\AiPipeline.TireOcr.Postprocessing\AiPipeline.TireOcr.Postprocessing.Domain\AiPipeline.TireOcr.Postprocessing.Domain.csproj", "{7DCBF259-8D33-45B6-B69B-CDC38D88DA3B}"
EndProject
Project("{FAE04EC0-301F-11D3-BF4B-00C04F79EFBC}") = "AiPipeline.TireOcr.Postprocessing.Application", "src\AiPipeline.TireOcr\AiPipeline.TireOcr.Postprocessing\AiPipeline.TireOcr.Postprocessing.Application\AiPipeline.TireOcr.Postprocessing.Application.csproj", "{2D071083-9AAC-4ECD-92CA-455FB469A0CE}"
EndProject
Project("{FAE04EC0-301F-11D3-BF4B-00C04F79EFBC}") = "AiPipeline.TireOcr.Postprocessing.Infrastructure", "src\AiPipeline.TireOcr\AiPipeline.TireOcr.Postprocessing\AiPipeline.TireOcr.Postprocessing.Infrastructure\AiPipeline.TireOcr.Postprocessing.Infrastructure.csproj", "{9CF04516-5AB2-4546-AF3E-FB12C8A27358}"
EndProject
Project("{FAE04EC0-301F-11D3-BF4B-00C04F79EFBC}") = "AiPipeline.TireOcr.Postprocessing.WebApi", "src\AiPipeline.TireOcr\AiPipeline.TireOcr.Postprocessing\AiPipeline.TireOcr.Postprocessing.WebApi\AiPipeline.TireOcr.Postprocessing.WebApi.csproj", "{E1B37451-AE2A-41AC-8810-3E25C6D2F66C}"
EndProject
Project("{2150E333-8FDC-42A3-9474-1A3956D46DE8}") = "AiPipeline.TireOcr", "AiPipeline.TireOcr", "{2EE8B3D7-9687-4E01-B751-5A04D5C2E154}"
EndProject
Project("{2150E333-8FDC-42A3-9474-1A3956D46DE8}") = "AiPipeline.Orchestration", "AiPipeline.Orchestration", "{5790605B-61C1-4168-AC0E-A8B65D99CA38}"
EndProject
Project("{FAE04EC0-301F-11D3-BF4B-00C04F79EFBC}") = "AiPipeline.Orchestration.Contracts", "src\AiPipeline.Orchestration\AiPipeline.Orchestration.Contracts\AiPipeline.Orchestration.Contracts.csproj", "{B5505E35-D808-4890-8F1B-083B63E46B0B}"
EndProject
Project("{FAE04EC0-301F-11D3-BF4B-00C04F79EFBC}") = "AiPipeline.Orchestration.Contracts.Tests", "AiPipeline.Orchestration.Contracts.Tests\AiPipeline.Orchestration.Contracts.Tests.csproj", "{2D3AAACF-6F9E-4CA2-BF99-9FE659D42ADE}"
EndProject
Global
	GlobalSection(SolutionConfigurationPlatforms) = preSolution
		Debug|Any CPU = Debug|Any CPU
		Release|Any CPU = Release|Any CPU
	EndGlobalSection
	GlobalSection(NestedProjects) = preSolution
		{525474C0-9249-4040-9784-F9673CBAD457} = {EBDF096A-73D6-4FD1-B646-BF021E2CF320}
		{EE598F0D-2716-4621-86A1-847F855E3A0C} = {EBDF096A-73D6-4FD1-B646-BF021E2CF320}
		{E193D60E-A067-4A26-A90F-75E79ACB478D} = {EBDF096A-73D6-4FD1-B646-BF021E2CF320}
		{3B45F63F-C54D-45E8-8353-B21D7AD0D178} = {EBDF096A-73D6-4FD1-B646-BF021E2CF320}
		{0A3113DD-5698-4EA1-8663-DEE38C53BA01} = {EEBDFA78-8026-44BA-9866-F2583A3FAA23}
		{F81B0E8C-3F51-49A1-ADB3-D845C20B22CE} = {EEBDFA78-8026-44BA-9866-F2583A3FAA23}
		{957CDABD-2358-4A7F-8567-B23D257634E8} = {EEBDFA78-8026-44BA-9866-F2583A3FAA23}
		{1536CDD1-1C2C-432A-940A-4A0D98CB935B} = {EEBDFA78-8026-44BA-9866-F2583A3FAA23}
		{7DCBF259-8D33-45B6-B69B-CDC38D88DA3B} = {FB0120EF-A0B1-40E5-9BD5-CDD408EF37DD}
		{2D071083-9AAC-4ECD-92CA-455FB469A0CE} = {FB0120EF-A0B1-40E5-9BD5-CDD408EF37DD}
		{9CF04516-5AB2-4546-AF3E-FB12C8A27358} = {FB0120EF-A0B1-40E5-9BD5-CDD408EF37DD}
		{E1B37451-AE2A-41AC-8810-3E25C6D2F66C} = {FB0120EF-A0B1-40E5-9BD5-CDD408EF37DD}
		{52E9E848-69C2-49D3-9438-F648B1C2DDD7} = {2EE8B3D7-9687-4E01-B751-5A04D5C2E154}
		{EEBDFA78-8026-44BA-9866-F2583A3FAA23} = {2EE8B3D7-9687-4E01-B751-5A04D5C2E154}
		{FB0120EF-A0B1-40E5-9BD5-CDD408EF37DD} = {2EE8B3D7-9687-4E01-B751-5A04D5C2E154}
		{EBDF096A-73D6-4FD1-B646-BF021E2CF320} = {2EE8B3D7-9687-4E01-B751-5A04D5C2E154}
		{B5505E35-D808-4890-8F1B-083B63E46B0B} = {5790605B-61C1-4168-AC0E-A8B65D99CA38}
		{2D3AAACF-6F9E-4CA2-BF99-9FE659D42ADE} = {5790605B-61C1-4168-AC0E-A8B65D99CA38}
	EndGlobalSection
	GlobalSection(ProjectConfigurationPlatforms) = postSolution
		{525474C0-9249-4040-9784-F9673CBAD457}.Debug|Any CPU.ActiveCfg = Debug|Any CPU
		{525474C0-9249-4040-9784-F9673CBAD457}.Debug|Any CPU.Build.0 = Debug|Any CPU
		{525474C0-9249-4040-9784-F9673CBAD457}.Release|Any CPU.ActiveCfg = Release|Any CPU
		{525474C0-9249-4040-9784-F9673CBAD457}.Release|Any CPU.Build.0 = Release|Any CPU
		{EE598F0D-2716-4621-86A1-847F855E3A0C}.Debug|Any CPU.ActiveCfg = Debug|Any CPU
		{EE598F0D-2716-4621-86A1-847F855E3A0C}.Debug|Any CPU.Build.0 = Debug|Any CPU
		{EE598F0D-2716-4621-86A1-847F855E3A0C}.Release|Any CPU.ActiveCfg = Release|Any CPU
		{EE598F0D-2716-4621-86A1-847F855E3A0C}.Release|Any CPU.Build.0 = Release|Any CPU
		{E193D60E-A067-4A26-A90F-75E79ACB478D}.Debug|Any CPU.ActiveCfg = Debug|Any CPU
		{E193D60E-A067-4A26-A90F-75E79ACB478D}.Debug|Any CPU.Build.0 = Debug|Any CPU
		{E193D60E-A067-4A26-A90F-75E79ACB478D}.Release|Any CPU.ActiveCfg = Release|Any CPU
		{E193D60E-A067-4A26-A90F-75E79ACB478D}.Release|Any CPU.Build.0 = Release|Any CPU
		{3B45F63F-C54D-45E8-8353-B21D7AD0D178}.Debug|Any CPU.ActiveCfg = Debug|Any CPU
		{3B45F63F-C54D-45E8-8353-B21D7AD0D178}.Debug|Any CPU.Build.0 = Debug|Any CPU
		{3B45F63F-C54D-45E8-8353-B21D7AD0D178}.Release|Any CPU.ActiveCfg = Release|Any CPU
		{3B45F63F-C54D-45E8-8353-B21D7AD0D178}.Release|Any CPU.Build.0 = Release|Any CPU
		{6EF721EF-B6EB-44E2-B813-FCE1F342C9FF}.Debug|Any CPU.ActiveCfg = Debug|Any CPU
		{6EF721EF-B6EB-44E2-B813-FCE1F342C9FF}.Debug|Any CPU.Build.0 = Debug|Any CPU
		{6EF721EF-B6EB-44E2-B813-FCE1F342C9FF}.Release|Any CPU.ActiveCfg = Release|Any CPU
		{6EF721EF-B6EB-44E2-B813-FCE1F342C9FF}.Release|Any CPU.Build.0 = Release|Any CPU
		{9287AC9D-EA8D-4DBB-BD6A-FB07175D7E49}.Debug|Any CPU.ActiveCfg = Debug|Any CPU
		{9287AC9D-EA8D-4DBB-BD6A-FB07175D7E49}.Debug|Any CPU.Build.0 = Debug|Any CPU
		{9287AC9D-EA8D-4DBB-BD6A-FB07175D7E49}.Release|Any CPU.ActiveCfg = Release|Any CPU
		{9287AC9D-EA8D-4DBB-BD6A-FB07175D7E49}.Release|Any CPU.Build.0 = Release|Any CPU
		{3D24C002-96DC-414B-93D3-0C6436791E4D}.Debug|Any CPU.ActiveCfg = Debug|Any CPU
		{3D24C002-96DC-414B-93D3-0C6436791E4D}.Debug|Any CPU.Build.0 = Debug|Any CPU
		{3D24C002-96DC-414B-93D3-0C6436791E4D}.Release|Any CPU.ActiveCfg = Release|Any CPU
		{3D24C002-96DC-414B-93D3-0C6436791E4D}.Release|Any CPU.Build.0 = Release|Any CPU
		{0A3113DD-5698-4EA1-8663-DEE38C53BA01}.Debug|Any CPU.ActiveCfg = Debug|Any CPU
		{0A3113DD-5698-4EA1-8663-DEE38C53BA01}.Debug|Any CPU.Build.0 = Debug|Any CPU
		{0A3113DD-5698-4EA1-8663-DEE38C53BA01}.Release|Any CPU.ActiveCfg = Release|Any CPU
		{0A3113DD-5698-4EA1-8663-DEE38C53BA01}.Release|Any CPU.Build.0 = Release|Any CPU
		{F81B0E8C-3F51-49A1-ADB3-D845C20B22CE}.Debug|Any CPU.ActiveCfg = Debug|Any CPU
		{F81B0E8C-3F51-49A1-ADB3-D845C20B22CE}.Debug|Any CPU.Build.0 = Debug|Any CPU
		{F81B0E8C-3F51-49A1-ADB3-D845C20B22CE}.Release|Any CPU.ActiveCfg = Release|Any CPU
		{F81B0E8C-3F51-49A1-ADB3-D845C20B22CE}.Release|Any CPU.Build.0 = Release|Any CPU
		{957CDABD-2358-4A7F-8567-B23D257634E8}.Debug|Any CPU.ActiveCfg = Debug|Any CPU
		{957CDABD-2358-4A7F-8567-B23D257634E8}.Debug|Any CPU.Build.0 = Debug|Any CPU
		{957CDABD-2358-4A7F-8567-B23D257634E8}.Release|Any CPU.ActiveCfg = Release|Any CPU
		{957CDABD-2358-4A7F-8567-B23D257634E8}.Release|Any CPU.Build.0 = Release|Any CPU
		{1536CDD1-1C2C-432A-940A-4A0D98CB935B}.Debug|Any CPU.ActiveCfg = Debug|Any CPU
		{1536CDD1-1C2C-432A-940A-4A0D98CB935B}.Debug|Any CPU.Build.0 = Debug|Any CPU
		{1536CDD1-1C2C-432A-940A-4A0D98CB935B}.Release|Any CPU.ActiveCfg = Release|Any CPU
		{1536CDD1-1C2C-432A-940A-4A0D98CB935B}.Release|Any CPU.Build.0 = Release|Any CPU
		{52E9E848-69C2-49D3-9438-F648B1C2DDD7}.Debug|Any CPU.ActiveCfg = Debug|Any CPU
		{52E9E848-69C2-49D3-9438-F648B1C2DDD7}.Debug|Any CPU.Build.0 = Debug|Any CPU
		{52E9E848-69C2-49D3-9438-F648B1C2DDD7}.Release|Any CPU.ActiveCfg = Release|Any CPU
		{52E9E848-69C2-49D3-9438-F648B1C2DDD7}.Release|Any CPU.Build.0 = Release|Any CPU
		{7DCBF259-8D33-45B6-B69B-CDC38D88DA3B}.Debug|Any CPU.ActiveCfg = Debug|Any CPU
		{7DCBF259-8D33-45B6-B69B-CDC38D88DA3B}.Debug|Any CPU.Build.0 = Debug|Any CPU
		{7DCBF259-8D33-45B6-B69B-CDC38D88DA3B}.Release|Any CPU.ActiveCfg = Release|Any CPU
		{7DCBF259-8D33-45B6-B69B-CDC38D88DA3B}.Release|Any CPU.Build.0 = Release|Any CPU
		{2D071083-9AAC-4ECD-92CA-455FB469A0CE}.Debug|Any CPU.ActiveCfg = Debug|Any CPU
		{2D071083-9AAC-4ECD-92CA-455FB469A0CE}.Debug|Any CPU.Build.0 = Debug|Any CPU
		{2D071083-9AAC-4ECD-92CA-455FB469A0CE}.Release|Any CPU.ActiveCfg = Release|Any CPU
		{2D071083-9AAC-4ECD-92CA-455FB469A0CE}.Release|Any CPU.Build.0 = Release|Any CPU
		{9CF04516-5AB2-4546-AF3E-FB12C8A27358}.Debug|Any CPU.ActiveCfg = Debug|Any CPU
		{9CF04516-5AB2-4546-AF3E-FB12C8A27358}.Debug|Any CPU.Build.0 = Debug|Any CPU
		{9CF04516-5AB2-4546-AF3E-FB12C8A27358}.Release|Any CPU.ActiveCfg = Release|Any CPU
		{9CF04516-5AB2-4546-AF3E-FB12C8A27358}.Release|Any CPU.Build.0 = Release|Any CPU
		{E1B37451-AE2A-41AC-8810-3E25C6D2F66C}.Debug|Any CPU.ActiveCfg = Debug|Any CPU
		{E1B37451-AE2A-41AC-8810-3E25C6D2F66C}.Debug|Any CPU.Build.0 = Debug|Any CPU
		{E1B37451-AE2A-41AC-8810-3E25C6D2F66C}.Release|Any CPU.ActiveCfg = Release|Any CPU
		{E1B37451-AE2A-41AC-8810-3E25C6D2F66C}.Release|Any CPU.Build.0 = Release|Any CPU
		{B5505E35-D808-4890-8F1B-083B63E46B0B}.Debug|Any CPU.ActiveCfg = Debug|Any CPU
		{B5505E35-D808-4890-8F1B-083B63E46B0B}.Debug|Any CPU.Build.0 = Debug|Any CPU
		{B5505E35-D808-4890-8F1B-083B63E46B0B}.Release|Any CPU.ActiveCfg = Release|Any CPU
		{B5505E35-D808-4890-8F1B-083B63E46B0B}.Release|Any CPU.Build.0 = Release|Any CPU
		{2D3AAACF-6F9E-4CA2-BF99-9FE659D42ADE}.Debug|Any CPU.ActiveCfg = Debug|Any CPU
		{2D3AAACF-6F9E-4CA2-BF99-9FE659D42ADE}.Debug|Any CPU.Build.0 = Debug|Any CPU
		{2D3AAACF-6F9E-4CA2-BF99-9FE659D42ADE}.Release|Any CPU.ActiveCfg = Release|Any CPU
		{2D3AAACF-6F9E-4CA2-BF99-9FE659D42ADE}.Release|Any CPU.Build.0 = Release|Any CPU
	EndGlobalSection
EndGlobal
